// !$*UTF8*$!
{
	archiveVersion = 1;
	classes = {
	};
	objectVersion = 50;
	objects = {

/* Begin PBXBuildFile section */
		F4113D4825322B28009434B9 /* BuyPhotoCoordinator.swift in Sources */ = {isa = PBXBuildFile; fileRef = F4113D4725322B28009434B9 /* BuyPhotoCoordinator.swift */; };
		F471E520252DF8A0002AE663 /* AppDelegate.swift in Sources */ = {isa = PBXBuildFile; fileRef = F471E51F252DF8A0002AE663 /* AppDelegate.swift */; };
		F471E522252DF8A0002AE663 /* SceneDelegate.swift in Sources */ = {isa = PBXBuildFile; fileRef = F471E521252DF8A0002AE663 /* SceneDelegate.swift */; };
		F471E529252DF8A0002AE663 /* Assets.xcassets in Resources */ = {isa = PBXBuildFile; fileRef = F471E528252DF8A0002AE663 /* Assets.xcassets */; };
		F471E52C252DF8A0002AE663 /* LaunchScreen.storyboard in Resources */ = {isa = PBXBuildFile; fileRef = F471E52A252DF8A0002AE663 /* LaunchScreen.storyboard */; };
		F471E536252DF8FA002AE663 /* AppCoordinator.swift in Sources */ = {isa = PBXBuildFile; fileRef = F471E535252DF8FA002AE663 /* AppCoordinator.swift */; };
		F471E541252DFCF6002AE663 /* HomeViewController.swift in Sources */ = {isa = PBXBuildFile; fileRef = F471E540252DFCF6002AE663 /* HomeViewController.swift */; };
		F471E544252DFD30002AE663 /* PhotoViewController.swift in Sources */ = {isa = PBXBuildFile; fileRef = F471E543252DFD30002AE663 /* PhotoViewController.swift */; };
		F471E547252DFD80002AE663 /* BuyPhotoViewController.swift in Sources */ = {isa = PBXBuildFile; fileRef = F471E546252DFD80002AE663 /* BuyPhotoViewController.swift */; };
		F471E54A252DFDBB002AE663 /* SignInViewController.swift in Sources */ = {isa = PBXBuildFile; fileRef = F471E549252DFDBB002AE663 /* SignInViewController.swift */; };
		F471E54D252E02A5002AE663 /* PhotosViewCell.swift in Sources */ = {isa = PBXBuildFile; fileRef = F471E54C252E02A5002AE663 /* PhotosViewCell.swift */; };
		F471E550252E02AD002AE663 /* PhotosView.swift in Sources */ = {isa = PBXBuildFile; fileRef = F471E54F252E02AD002AE663 /* PhotosView.swift */; };
		F471E557252E1056002AE663 /* Photo.swift in Sources */ = {isa = PBXBuildFile; fileRef = F471E556252E1056002AE663 /* Photo.swift */; };
		F471E55A252E10F7002AE663 /* UserDefaults_Photos+Extension.swift in Sources */ = {isa = PBXBuildFile; fileRef = F471E559252E10F7002AE663 /* UserDefaults_Photos+Extension.swift */; };
		F471E561252E713A002AE663 /* PhotoView.swift in Sources */ = {isa = PBXBuildFile; fileRef = F471E560252E713A002AE663 /* PhotoView.swift */; };
		F4E01554252F535A00CD0FDC /* BuyView.swift in Sources */ = {isa = PBXBuildFile; fileRef = F4E01553252F535A00CD0FDC /* BuyView.swift */; };
		F4E0155A252F6A4800CD0FDC /* SignInView.swift in Sources */ = {isa = PBXBuildFile; fileRef = F4E01559252F6A4800CD0FDC /* SignInView.swift */; };
/* End PBXBuildFile section */

/* Begin PBXFileReference section */
		F4113D4725322B28009434B9 /* BuyPhotoCoordinator.swift */ = {isa = PBXFileReference; lastKnownFileType = sourcecode.swift; path = BuyPhotoCoordinator.swift; sourceTree = "<group>"; };
		F471E51C252DF8A0002AE663 /* PhotosViewCode.app */ = {isa = PBXFileReference; explicitFileType = wrapper.application; includeInIndex = 0; path = PhotosViewCode.app; sourceTree = BUILT_PRODUCTS_DIR; };
		F471E51F252DF8A0002AE663 /* AppDelegate.swift */ = {isa = PBXFileReference; lastKnownFileType = sourcecode.swift; path = AppDelegate.swift; sourceTree = "<group>"; };
		F471E521252DF8A0002AE663 /* SceneDelegate.swift */ = {isa = PBXFileReference; lastKnownFileType = sourcecode.swift; path = SceneDelegate.swift; sourceTree = "<group>"; };
		F471E528252DF8A0002AE663 /* Assets.xcassets */ = {isa = PBXFileReference; lastKnownFileType = folder.assetcatalog; path = Assets.xcassets; sourceTree = "<group>"; };
		F471E52B252DF8A0002AE663 /* Base */ = {isa = PBXFileReference; lastKnownFileType = file.storyboard; name = Base; path = Base.lproj/LaunchScreen.storyboard; sourceTree = "<group>"; };
		F471E52D252DF8A0002AE663 /* Info.plist */ = {isa = PBXFileReference; lastKnownFileType = text.plist.xml; path = Info.plist; sourceTree = "<group>"; };
		F471E535252DF8FA002AE663 /* AppCoordinator.swift */ = {isa = PBXFileReference; lastKnownFileType = sourcecode.swift; path = AppCoordinator.swift; sourceTree = "<group>"; };
		F471E540252DFCF6002AE663 /* HomeViewController.swift */ = {isa = PBXFileReference; lastKnownFileType = sourcecode.swift; path = HomeViewController.swift; sourceTree = "<group>"; };
		F471E543252DFD30002AE663 /* PhotoViewController.swift */ = {isa = PBXFileReference; lastKnownFileType = sourcecode.swift; path = PhotoViewController.swift; sourceTree = "<group>"; };
		F471E546252DFD80002AE663 /* BuyPhotoViewController.swift */ = {isa = PBXFileReference; lastKnownFileType = sourcecode.swift; path = BuyPhotoViewController.swift; sourceTree = "<group>"; };
		F471E549252DFDBB002AE663 /* SignInViewController.swift */ = {isa = PBXFileReference; lastKnownFileType = sourcecode.swift; path = SignInViewController.swift; sourceTree = "<group>"; };
		F471E54C252E02A5002AE663 /* PhotosViewCell.swift */ = {isa = PBXFileReference; lastKnownFileType = sourcecode.swift; path = PhotosViewCell.swift; sourceTree = "<group>"; };
		F471E54F252E02AD002AE663 /* PhotosView.swift */ = {isa = PBXFileReference; lastKnownFileType = sourcecode.swift; path = PhotosView.swift; sourceTree = "<group>"; };
		F471E556252E1056002AE663 /* Photo.swift */ = {isa = PBXFileReference; lastKnownFileType = sourcecode.swift; path = Photo.swift; sourceTree = "<group>"; };
		F471E559252E10F7002AE663 /* UserDefaults_Photos+Extension.swift */ = {isa = PBXFileReference; lastKnownFileType = sourcecode.swift; path = "UserDefaults_Photos+Extension.swift"; sourceTree = "<group>"; };
		F471E560252E713A002AE663 /* PhotoView.swift */ = {isa = PBXFileReference; lastKnownFileType = sourcecode.swift; path = PhotoView.swift; sourceTree = "<group>"; };
		F4E01553252F535A00CD0FDC /* BuyView.swift */ = {isa = PBXFileReference; lastKnownFileType = sourcecode.swift; path = BuyView.swift; sourceTree = "<group>"; };
		F4E01559252F6A4800CD0FDC /* SignInView.swift */ = {isa = PBXFileReference; lastKnownFileType = sourcecode.swift; path = SignInView.swift; sourceTree = "<group>"; };
/* End PBXFileReference section */

/* Begin PBXFrameworksBuildPhase section */
		F471E519252DF8A0002AE663 /* Frameworks */ = {
			isa = PBXFrameworksBuildPhase;
			buildActionMask = 2147483647;
			files = (
			);
			runOnlyForDeploymentPostprocessing = 0;
		};
/* End PBXFrameworksBuildPhase section */

/* Begin PBXGroup section */
		F4113D4625322AF2009434B9 /* ChildCoordinators */ = {
			isa = PBXGroup;
			children = (
				F4113D4725322B28009434B9 /* BuyPhotoCoordinator.swift */,
			);
			path = ChildCoordinators;
			sourceTree = "<group>";
		};
		F471E513252DF8A0002AE663 = {
			isa = PBXGroup;
			children = (
				F471E51E252DF8A0002AE663 /* PhotosViewCode */,
				F471E51D252DF8A0002AE663 /* Products */,
			);
			sourceTree = "<group>";
		};
		F471E51D252DF8A0002AE663 /* Products */ = {
			isa = PBXGroup;
			children = (
				F471E51C252DF8A0002AE663 /* PhotosViewCode.app */,
			);
			name = Products;
			sourceTree = "<group>";
		};
		F471E51E252DF8A0002AE663 /* PhotosViewCode */ = {
			isa = PBXGroup;
			children = (
				F471E53B252DFA1F002AE663 /* Models */,
				F471E53A252DFA17002AE663 /* Views */,
				F471E539252DFA10002AE663 /* Controllers */,
				F471E534252DF8D7002AE663 /* Coordinators */,
				F471E51F252DF8A0002AE663 /* AppDelegate.swift */,
				F471E521252DF8A0002AE663 /* SceneDelegate.swift */,
				F471E528252DF8A0002AE663 /* Assets.xcassets */,
				F471E52A252DF8A0002AE663 /* LaunchScreen.storyboard */,
				F471E52D252DF8A0002AE663 /* Info.plist */,
				F471E559252E10F7002AE663 /* UserDefaults_Photos+Extension.swift */,
			);
			path = PhotosViewCode;
			sourceTree = "<group>";
		};
		F471E534252DF8D7002AE663 /* Coordinators */ = {
			isa = PBXGroup;
			children = (
				F471E535252DF8FA002AE663 /* AppCoordinator.swift */,
				F4113D4625322AF2009434B9 /* ChildCoordinators */,
			);
			path = Coordinators;
			sourceTree = "<group>";
		};
		F471E539252DFA10002AE663 /* Controllers */ = {
			isa = PBXGroup;
			children = (
				F471E540252DFCF6002AE663 /* HomeViewController.swift */,
				F471E543252DFD30002AE663 /* PhotoViewController.swift */,
				F471E546252DFD80002AE663 /* BuyPhotoViewController.swift */,
				F471E549252DFDBB002AE663 /* SignInViewController.swift */,
			);
			path = Controllers;
			sourceTree = "<group>";
		};
		F471E53A252DFA17002AE663 /* Views */ = {
			isa = PBXGroup;
			children = (
				F4E01558252F6A2B00CD0FDC /* SingInViews */,
				F4E01552252F534900CD0FDC /* BuyViews */,
				F471E55E252E703E002AE663 /* HomeViews */,
				F471E55F252E711B002AE663 /* PhotoViews */,
			);
			path = Views;
			sourceTree = "<group>";
		};
		F471E53B252DFA1F002AE663 /* Models */ = {
			isa = PBXGroup;
			children = (
				F471E556252E1056002AE663 /* Photo.swift */,
			);
			path = Models;
			sourceTree = "<group>";
		};
		F471E55E252E703E002AE663 /* HomeViews */ = {
			isa = PBXGroup;
			children = (
				F471E54C252E02A5002AE663 /* PhotosViewCell.swift */,
				F471E54F252E02AD002AE663 /* PhotosView.swift */,
			);
			path = HomeViews;
			sourceTree = "<group>";
		};
		F471E55F252E711B002AE663 /* PhotoViews */ = {
			isa = PBXGroup;
			children = (
				F471E560252E713A002AE663 /* PhotoView.swift */,
			);
			path = PhotoViews;
			sourceTree = "<group>";
		};
		F4E01552252F534900CD0FDC /* BuyViews */ = {
			isa = PBXGroup;
			children = (
				F4E01553252F535A00CD0FDC /* BuyView.swift */,
			);
			path = BuyViews;
			sourceTree = "<group>";
		};
		F4E01558252F6A2B00CD0FDC /* SingInViews */ = {
			isa = PBXGroup;
			children = (
				F4E01559252F6A4800CD0FDC /* SignInView.swift */,
			);
			path = SingInViews;
			sourceTree = "<group>";
		};
/* End PBXGroup section */

/* Begin PBXNativeTarget section */
		F471E51B252DF8A0002AE663 /* PhotosViewCode */ = {
			isa = PBXNativeTarget;
			buildConfigurationList = F471E530252DF8A0002AE663 /* Build configuration list for PBXNativeTarget "PhotosViewCode" */;
			buildPhases = (
				F471E518252DF8A0002AE663 /* Sources */,
				F471E519252DF8A0002AE663 /* Frameworks */,
				F471E51A252DF8A0002AE663 /* Resources */,
			);
			buildRules = (
			);
			dependencies = (
			);
			name = PhotosViewCode;
			productName = PhotosViewCode;
			productReference = F471E51C252DF8A0002AE663 /* PhotosViewCode.app */;
			productType = "com.apple.product-type.application";
		};
/* End PBXNativeTarget section */

/* Begin PBXProject section */
		F471E514252DF8A0002AE663 /* Project object */ = {
			isa = PBXProject;
			attributes = {
				LastSwiftUpdateCheck = 1200;
				LastUpgradeCheck = 1200;
				TargetAttributes = {
					F471E51B252DF8A0002AE663 = {
						CreatedOnToolsVersion = 12.0.1;
					};
				};
			};
			buildConfigurationList = F471E517252DF8A0002AE663 /* Build configuration list for PBXProject "PhotosViewCode" */;
			compatibilityVersion = "Xcode 9.3";
			developmentRegion = en;
			hasScannedForEncodings = 0;
			knownRegions = (
				en,
				Base,
			);
			mainGroup = F471E513252DF8A0002AE663;
			productRefGroup = F471E51D252DF8A0002AE663 /* Products */;
			projectDirPath = "";
			projectRoot = "";
			targets = (
				F471E51B252DF8A0002AE663 /* PhotosViewCode */,
			);
		};
/* End PBXProject section */

/* Begin PBXResourcesBuildPhase section */
		F471E51A252DF8A0002AE663 /* Resources */ = {
			isa = PBXResourcesBuildPhase;
			buildActionMask = 2147483647;
			files = (
				F471E52C252DF8A0002AE663 /* LaunchScreen.storyboard in Resources */,
				F471E529252DF8A0002AE663 /* Assets.xcassets in Resources */,
			);
			runOnlyForDeploymentPostprocessing = 0;
		};
/* End PBXResourcesBuildPhase section */

/* Begin PBXSourcesBuildPhase section */
		F471E518252DF8A0002AE663 /* Sources */ = {
			isa = PBXSourcesBuildPhase;
			buildActionMask = 2147483647;
			files = (
				F471E54A252DFDBB002AE663 /* SignInViewController.swift in Sources */,
				F471E536252DF8FA002AE663 /* AppCoordinator.swift in Sources */,
				F471E541252DFCF6002AE663 /* HomeViewController.swift in Sources */,
				F4113D4825322B28009434B9 /* BuyPhotoCoordinator.swift in Sources */,
				F471E561252E713A002AE663 /* PhotoView.swift in Sources */,
				F471E520252DF8A0002AE663 /* AppDelegate.swift in Sources */,
				F471E557252E1056002AE663 /* Photo.swift in Sources */,
				F471E522252DF8A0002AE663 /* SceneDelegate.swift in Sources */,
				F471E55A252E10F7002AE663 /* UserDefaults_Photos+Extension.swift in Sources */,
				F4E0155A252F6A4800CD0FDC /* SignInView.swift in Sources */,
				F4E01554252F535A00CD0FDC /* BuyView.swift in Sources */,
				F471E550252E02AD002AE663 /* PhotosView.swift in Sources */,
				F471E544252DFD30002AE663 /* PhotoViewController.swift in Sources */,
				F471E547252DFD80002AE663 /* BuyPhotoViewController.swift in Sources */,
				F471E54D252E02A5002AE663 /* PhotosViewCell.swift in Sources */,
			);
			runOnlyForDeploymentPostprocessing = 0;
		};
/* End PBXSourcesBuildPhase section */

/* Begin PBXVariantGroup section */
		F471E52A252DF8A0002AE663 /* LaunchScreen.storyboard */ = {
			isa = PBXVariantGroup;
			children = (
				F471E52B252DF8A0002AE663 /* Base */,
			);
			name = LaunchScreen.storyboard;
			sourceTree = "<group>";
		};
/* End PBXVariantGroup section */

/* Begin XCBuildConfiguration section */
		F471E52E252DF8A0002AE663 /* Debug */ = {
			isa = XCBuildConfiguration;
			buildSettings = {
				ALWAYS_SEARCH_USER_PATHS = NO;
				CLANG_ANALYZER_NONNULL = YES;
				CLANG_ANALYZER_NUMBER_OBJECT_CONVERSION = YES_AGGRESSIVE;
				CLANG_CXX_LANGUAGE_STANDARD = "gnu++14";
				CLANG_CXX_LIBRARY = "libc++";
				CLANG_ENABLE_MODULES = YES;
				CLANG_ENABLE_OBJC_ARC = YES;
				CLANG_ENABLE_OBJC_WEAK = YES;
				CLANG_WARN_BLOCK_CAPTURE_AUTORELEASING = YES;
				CLANG_WARN_BOOL_CONVERSION = YES;
				CLANG_WARN_COMMA = YES;
				CLANG_WARN_CONSTANT_CONVERSION = YES;
				CLANG_WARN_DEPRECATED_OBJC_IMPLEMENTATIONS = YES;
				CLANG_WARN_DIRECT_OBJC_ISA_USAGE = YES_ERROR;
				CLANG_WARN_DOCUMENTATION_COMMENTS = YES;
				CLANG_WARN_EMPTY_BODY = YES;
				CLANG_WARN_ENUM_CONVERSION = YES;
				CLANG_WARN_INFINITE_RECURSION = YES;
				CLANG_WARN_INT_CONVERSION = YES;
				CLANG_WARN_NON_LITERAL_NULL_CONVERSION = YES;
				CLANG_WARN_OBJC_IMPLICIT_RETAIN_SELF = YES;
				CLANG_WARN_OBJC_LITERAL_CONVERSION = YES;
				CLANG_WARN_OBJC_ROOT_CLASS = YES_ERROR;
				CLANG_WARN_QUOTED_INCLUDE_IN_FRAMEWORK_HEADER = YES;
				CLANG_WARN_RANGE_LOOP_ANALYSIS = YES;
				CLANG_WARN_STRICT_PROTOTYPES = YES;
				CLANG_WARN_SUSPICIOUS_MOVE = YES;
				CLANG_WARN_UNGUARDED_AVAILABILITY = YES_AGGRESSIVE;
				CLANG_WARN_UNREACHABLE_CODE = YES;
				CLANG_WARN__DUPLICATE_METHOD_MATCH = YES;
				COPY_PHASE_STRIP = NO;
				DEBUG_INFORMATION_FORMAT = dwarf;
				ENABLE_STRICT_OBJC_MSGSEND = YES;
				ENABLE_TESTABILITY = YES;
				GCC_C_LANGUAGE_STANDARD = gnu11;
				GCC_DYNAMIC_NO_PIC = NO;
				GCC_NO_COMMON_BLOCKS = YES;
				GCC_OPTIMIZATION_LEVEL = 0;
				GCC_PREPROCESSOR_DEFINITIONS = (
					"DEBUG=1",
					"$(inherited)",
				);
				GCC_WARN_64_TO_32_BIT_CONVERSION = YES;
				GCC_WARN_ABOUT_RETURN_TYPE = YES_ERROR;
				GCC_WARN_UNDECLARED_SELECTOR = YES;
				GCC_WARN_UNINITIALIZED_AUTOS = YES_AGGRESSIVE;
				GCC_WARN_UNUSED_FUNCTION = YES;
				GCC_WARN_UNUSED_VARIABLE = YES;
				IPHONEOS_DEPLOYMENT_TARGET = 14.0;
				MTL_ENABLE_DEBUG_INFO = INCLUDE_SOURCE;
				MTL_FAST_MATH = YES;
				ONLY_ACTIVE_ARCH = YES;
				SDKROOT = iphoneos;
				SWIFT_ACTIVE_COMPILATION_CONDITIONS = DEBUG;
				SWIFT_OPTIMIZATION_LEVEL = "-Onone";
			};
			name = Debug;
		};
		F471E52F252DF8A0002AE663 /* Release */ = {
			isa = XCBuildConfiguration;
			buildSettings = {
				ALWAYS_SEARCH_USER_PATHS = NO;
				CLANG_ANALYZER_NONNULL = YES;
				CLANG_ANALYZER_NUMBER_OBJECT_CONVERSION = YES_AGGRESSIVE;
				CLANG_CXX_LANGUAGE_STANDARD = "gnu++14";
				CLANG_CXX_LIBRARY = "libc++";
				CLANG_ENABLE_MODULES = YES;
				CLANG_ENABLE_OBJC_ARC = YES;
				CLANG_ENABLE_OBJC_WEAK = YES;
				CLANG_WARN_BLOCK_CAPTURE_AUTORELEASING = YES;
				CLANG_WARN_BOOL_CONVERSION = YES;
				CLANG_WARN_COMMA = YES;
				CLANG_WARN_CONSTANT_CONVERSION = YES;
				CLANG_WARN_DEPRECATED_OBJC_IMPLEMENTATIONS = YES;
				CLANG_WARN_DIRECT_OBJC_ISA_USAGE = YES_ERROR;
				CLANG_WARN_DOCUMENTATION_COMMENTS = YES;
				CLANG_WARN_EMPTY_BODY = YES;
				CLANG_WARN_ENUM_CONVERSION = YES;
				CLANG_WARN_INFINITE_RECURSION = YES;
				CLANG_WARN_INT_CONVERSION = YES;
				CLANG_WARN_NON_LITERAL_NULL_CONVERSION = YES;
				CLANG_WARN_OBJC_IMPLICIT_RETAIN_SELF = YES;
				CLANG_WARN_OBJC_LITERAL_CONVERSION = YES;
				CLANG_WARN_OBJC_ROOT_CLASS = YES_ERROR;
				CLANG_WARN_QUOTED_INCLUDE_IN_FRAMEWORK_HEADER = YES;
				CLANG_WARN_RANGE_LOOP_ANALYSIS = YES;
				CLANG_WARN_STRICT_PROTOTYPES = YES;
				CLANG_WARN_SUSPICIOUS_MOVE = YES;
				CLANG_WARN_UNGUARDED_AVAILABILITY = YES_AGGRESSIVE;
				CLANG_WARN_UNREACHABLE_CODE = YES;
				CLANG_WARN__DUPLICATE_METHOD_MATCH = YES;
				COPY_PHASE_STRIP = NO;
				DEBUG_INFORMATION_FORMAT = "dwarf-with-dsym";
				ENABLE_NS_ASSERTIONS = NO;
				ENABLE_STRICT_OBJC_MSGSEND = YES;
				GCC_C_LANGUAGE_STANDARD = gnu11;
				GCC_NO_COMMON_BLOCKS = YES;
				GCC_WARN_64_TO_32_BIT_CONVERSION = YES;
				GCC_WARN_ABOUT_RETURN_TYPE = YES_ERROR;
				GCC_WARN_UNDECLARED_SELECTOR = YES;
				GCC_WARN_UNINITIALIZED_AUTOS = YES_AGGRESSIVE;
				GCC_WARN_UNUSED_FUNCTION = YES;
				GCC_WARN_UNUSED_VARIABLE = YES;
				IPHONEOS_DEPLOYMENT_TARGET = 14.0;
				MTL_ENABLE_DEBUG_INFO = NO;
				MTL_FAST_MATH = YES;
				SDKROOT = iphoneos;
				SWIFT_COMPILATION_MODE = wholemodule;
				SWIFT_OPTIMIZATION_LEVEL = "-O";
				VALIDATE_PRODUCT = YES;
			};
			name = Release;
		};
		F471E531252DF8A0002AE663 /* Debug */ = {
			isa = XCBuildConfiguration;
			buildSettings = {
				ASSETCATALOG_COMPILER_APPICON_NAME = AppIcon;
				ASSETCATALOG_COMPILER_GLOBAL_ACCENT_COLOR_NAME = AccentColor;
				CODE_SIGN_STYLE = Automatic;
				DEVELOPMENT_TEAM = 44ST363BTK;
				INFOPLIST_FILE = PhotosViewCode/Info.plist;
				LD_RUNPATH_SEARCH_PATHS = (
					"$(inherited)",
					"@executable_path/Frameworks",
				);
				PRODUCT_BUNDLE_IDENTIFIER = br.com.ygornascimento.PhotosViewCode;
				PRODUCT_NAME = "$(TARGET_NAME)";
				SWIFT_VERSION = 5.0;
				TARGETED_DEVICE_FAMILY = "1,2";
			};
			name = Debug;
		};
		F471E532252DF8A0002AE663 /* Release */ = {
			isa = XCBuildConfiguration;
			buildSettings = {
				ASSETCATALOG_COMPILER_APPICON_NAME = AppIcon;
				ASSETCATALOG_COMPILER_GLOBAL_ACCENT_COLOR_NAME = AccentColor;
				CODE_SIGN_STYLE = Automatic;
				DEVELOPMENT_TEAM = 44ST363BTK;
				INFOPLIST_FILE = PhotosViewCode/Info.plist;
				LD_RUNPATH_SEARCH_PATHS = (
					"$(inherited)",
					"@executable_path/Frameworks",
				);
				PRODUCT_BUNDLE_IDENTIFIER = br.com.ygornascimento.PhotosViewCode;
				PRODUCT_NAME = "$(TARGET_NAME)";
				SWIFT_VERSION = 5.0;
				TARGETED_DEVICE_FAMILY = "1,2";
			};
			name = Release;
		};
/* End XCBuildConfiguration section */

/* Begin XCConfigurationList section */
		F471E517252DF8A0002AE663 /* Build configuration list for PBXProject "PhotosViewCode" */ = {
			isa = XCConfigurationList;
			buildConfigurations = (
				F471E52E252DF8A0002AE663 /* Debug */,
				F471E52F252DF8A0002AE663 /* Release */,
			);
			defaultConfigurationIsVisible = 0;
			defaultConfigurationName = Release;
		};
		F471E530252DF8A0002AE663 /* Build configuration list for PBXNativeTarget "PhotosViewCode" */ = {
			isa = XCConfigurationList;
			buildConfigurations = (
				F471E531252DF8A0002AE663 /* Debug */,
				F471E532252DF8A0002AE663 /* Release */,
			);
			defaultConfigurationIsVisible = 0;
			defaultConfigurationName = Release;
		};
/* End XCConfigurationList section */
	};
	rootObject = F471E514252DF8A0002AE663 /* Project object */;
}
